// !$*UTF8*$!
{
	archiveVersion = 1;
	classes = {
	};
	objectVersion = 46;
	objects = {

/* Begin PBXBuildFile section */
		14A4CE911DCBB4DB00CD149B /* main.m in Sources */ = {isa = PBXBuildFile; fileRef = 14A4CE901DCBB4DB00CD149B /* main.m */; };
/* End PBXBuildFile section */

/* Begin PBXCopyFilesBuildPhase section */
		14A4CE8B1DCBB4DB00CD149B /* CopyFiles */ = {
			isa = PBXCopyFilesBuildPhase;
			buildActionMask = 2147483647;
			dstPath = /usr/share/man/man1/;
			dstSubfolderSpec = 0;
			files = (
			);
			runOnlyForDeploymentPostprocessing = 1;
		};
/* End PBXCopyFilesBuildPhase section */

/* Begin PBXFileReference section */
		14A4CE8D1DCBB4DB00CD149B /* PatientAndDoctor */ = {isa = PBXFileReference; explicitFileType = "compiled.mach-o.executable"; includeInIndex = 0; path = PatientAndDoctor; sourceTree = BUILT_PRODUCTS_DIR; };
		14A4CE901DCBB4DB00CD149B /* main.m */ = {isa = PBXFileReference; lastKnownFileType = sourcecode.c.objc; path = main.m; sourceTree = "<group>"; };
/* End PBXFileReference section */

/* Begin PBXFrameworksBuildPhase section */
		14A4CE8A1DCBB4DB00CD149B /* Frameworks */ = {
			isa = PBXFrameworksBuildPhase;
			buildActionMask = 2147483647;
			files = (
			);
			runOnlyForDeploymentPostprocessing = 0;
		};
/* End PBXFrameworksBuildPhase section */

/* Begin PBXGroup section */
		14A4CE841DCBB4DB00CD149B = {
			isa = PBXGroup;
			children = (
				14A4CE8F1DCBB4DB00CD149B /* PatientAndDoctor */,
				14A4CE8E1DCBB4DB00CD149B /* Products */,
			);
			sourceTree = "<group>";
		};
		14A4CE8E1DCBB4DB00CD149B /* Products */ = {
			isa = PBXGroup;
			children = (
				14A4CE8D1DCBB4DB00CD149B /* PatientAndDoctor */,
			);
			name = Products;
			sourceTree = "<group>";
		};
		14A4CE8F1DCBB4DB00CD149B /* PatientAndDoctor */ = {
			isa = PBXGroup;
			children = (
				14A4CE901DCBB4DB00CD149B /* main.m */,
			);
			path = PatientAndDoctor;
			sourceTree = "<group>";
		};
/* End PBXGroup section */

/* Begin PBXNativeTarget section */
		14A4CE8C1DCBB4DB00CD149B /* PatientAndDoctor */ = {
			isa = PBXNativeTarget;
			buildConfigurationList = 14A4CE941DCBB4DB00CD149B /* Build configuration list for PBXNativeTarget "PatientAndDoctor" */;
			buildPhases = (
				14A4CE891DCBB4DB00CD149B /* Sources */,
				14A4CE8A1DCBB4DB00CD149B /* Frameworks */,
				14A4CE8B1DCBB4DB00CD149B /* CopyFiles */,
			);
			buildRules = (
			);
			dependencies = (
			);
			name = PatientAndDoctor;
			productName = PatientAndDoctor;
			productReference = 14A4CE8D1DCBB4DB00CD149B /* PatientAndDoctor */;
			productType = "com.apple.product-type.tool";
		};
/* End PBXNativeTarget section */

/* Begin PBXProject section */
		14A4CE851DCBB4DB00CD149B /* Project object */ = {
			isa = PBXProject;
			attributes = {
				LastUpgradeCheck = 0730;
				ORGANIZATIONNAME = suvanr;
				TargetAttributes = {
					14A4CE8C1DCBB4DB00CD149B = {
						CreatedOnToolsVersion = 7.3;
					};
				};
			};
			buildConfigurationList = 14A4CE881DCBB4DB00CD149B /* Build configuration list for PBXProject "PatientAndDoctor" */;
			compatibilityVersion = "Xcode 3.2";
			developmentRegion = English;
			hasScannedForEncodings = 0;
			knownRegions = (
				en,
			);
			mainGroup = 14A4CE841DCBB4DB00CD149B;
			productRefGroup = 14A4CE8E1DCBB4DB00CD149B /* Products */;
			projectDirPath = "";
			projectRoot = "";
			targets = (
				14A4CE8C1DCBB4DB00CD149B /* PatientAndDoctor */,
			);
		};
/* End PBXProject section */

/* Begin PBXSourcesBuildPhase section */
		14A4CE891DCBB4DB00CD149B /* Sources */ = {
			isa = PBXSourcesBuildPhase;
			buildActionMask = 2147483647;
			files = (
				14A4CE911DCBB4DB00CD149B /* main.m in Sources */,
			);
			runOnlyForDeploymentPostprocessing = 0;
		};
/* End PBXSourcesBuildPhase section */

/* Begin XCBuildConfiguration section */
		14A4CE921DCBB4DB00CD149B /* Debug */ = {
			isa = XCBuildConfiguration;
			buildSettings = {
				ALWAYS_SEARCH_USER_PATHS = NO;
				CLANG_ANALYZER_NONNULL = YES;
				CLANG_CXX_LANGUAGE_STANDARD = "gnu++0x";
				CLANG_CXX_LIBRARY = "libc++";
				CLANG_ENABLE_MODULES = YES;
				CLANG_ENABLE_OBJC_ARC = YES;
				CLANG_WARN_BOOL_CONVERSION = YES;
				CLANG_WARN_CONSTANT_CONVERSION = YES;
				CLANG_WARN_DIRECT_OBJC_ISA_USAGE = YES_ERROR;
				CLANG_WARN_EMPTY_BODY = YES;
				CLANG_WARN_ENUM_CONVERSION = YES;
				CLANG_WARN_INT_CONVERSION = YES;
				CLANG_WARN_OBJC_ROOT_CLASS = YES_ERROR;
				CLANG_WARN_UNREACHABLE_CODE = YES;
				CLANG_WARN__DUPLICATE_METHOD_MATCH = YES;
				CODE_SIGN_IDENTITY = "-";
				COPY_PHASE_STRIP = NO;
				DEBUG_INFORMATION_FORMAT = dwarf;
				ENABLE_STRICT_OBJC_MSGSEND = YES;
				ENABLE_TESTABILITY = YES;
				GCC_C_LANGUAGE_STANDARD = gnu99;
				GCC_DYNAMIC_NO_PIC = NO;
				GCC_NO_COMMON_BLOCKS = YES;
				GCC_OPTIMIZATION_LEVEL = 0;
				GCC_PREPROCESSOR_DEFINITIONS = (
					"DEBUG=1",
					"$(inherited)",
				);
				GCC_WARN_64_TO_32_BIT_CONVERSION = YES;
				GCC_WARN_ABOUT_RETURN_TYPE = YES_ERROR;
				GCC_WARN_UNDECLARED_SELECTOR = YES;
				GCC_WARN_UNINITIALIZED_AUTOS = YES_AGGRESSIVE;
				GCC_WARN_UNUSED_FUNCTION = YES;
				GCC_WARN_UNUSED_VARIABLE = YES;
				MACOSX_DEPLOYMENT_TARGET = 10.11;
				MTL_ENABLE_DEBUG_INFO = YES;
				ONLY_ACTIVE_ARCH = YES;
				SDKROOT = macosx;
			};
			name = Debug;
		};
		14A4CE931DCBB4DB00CD149B /* Release */ = {
			isa = XCBuildConfiguration;
			buildSettings = {
				ALWAYS_SEARCH_USER_PATHS = NO;
				CLANG_ANALYZER_NONNULL = YES;
				CLANG_CXX_LANGUAGE_STANDARD = "gnu++0x";
				CLANG_CXX_LIBRARY = "libc++";
				CLANG_ENABLE_MODULES = YES;
				CLANG_ENABLE_OBJC_ARC = YES;
				CLANG_WARN_BOOL_CONVERSION = YES;
				CLANG_WARN_CONSTANT_CONVERSION = YES;
				CLANG_WARN_DIRECT_OBJC_ISA_USAGE = YES_ERROR;
				CLANG_WARN_EMPTY_BODY = YES;
				CLANG_WARN_ENUM_CONVERSION = YES;
				CLANG_WARN_INT_CONVERSION = YES;
				CLANG_WARN_OBJC_ROOT_CLASS = YES_ERROR;
				CLANG_WARN_UNREACHABLE_CODE = YES;
				CLANG_WARN__DUPLICATE_METHOD_MATCH = YES;
				CODE_SIGN_IDENTITY = "-";
				COPY_PHASE_STRIP = NO;
				DEBUG_INFORMATION_FORMAT = "dwarf-with-dsym";
				ENABLE_NS_ASSERTIONS = NO;
				ENABLE_STRICT_OBJC_MSGSEND = YES;
				GCC_C_LANGUAGE_STANDARD = gnu99;
				GCC_NO_COMMON_BLOCKS = YES;
				GCC_WARN_64_TO_32_BIT_CONVERSION = YES;
				GCC_WARN_ABOUT_RETURN_TYPE = YES_ERROR;
				GCC_WARN_UNDECLARED_SELECTOR = YES;
				GCC_WARN_UNINITIALIZED_AUTOS = YES_AGGRESSIVE;
				GCC_WARN_UNUSED_FUNCTION = YES;
				GCC_WARN_UNUSED_VARIABLE = YES;
				MACOSX_DEPLOYMENT_TARGET = 10.11;
				MTL_ENABLE_DEBUG_INFO = NO;
				SDKROOT = macosx;
			};
			name = Release;
		};
		14A4CE951DCBB4DB00CD149B /* Debug */ = {
			isa = XCBuildConfiguration;
			buildSettings = {
				PRODUCT_NAME = "$(TARGET_NAME)";
			};
			name = Debug;
		};
		14A4CE961DCBB4DB00CD149B /* Release */ = {
			isa = XCBuildConfiguration;
			buildSettings = {
				PRODUCT_NAME = "$(TARGET_NAME)";
			};
			name = Release;
		};
/* End XCBuildConfiguration section */

/* Begin XCConfigurationList section */
		14A4CE881DCBB4DB00CD149B /* Build configuration list for PBXProject "PatientAndDoctor" */ = {
			isa = XCConfigurationList;
			buildConfigurations = (
				14A4CE921DCBB4DB00CD149B /* Debug */,
				14A4CE931DCBB4DB00CD149B /* Release */,
			);
			defaultConfigurationIsVisible = 0;
			defaultConfigurationName = Release;
		};
		14A4CE941DCBB4DB00CD149B /* Build configuration list for PBXNativeTarget "PatientAndDoctor" */ = {
			isa = XCConfigurationList;
			buildConfigurations = (
				14A4CE951DCBB4DB00CD149B /* Debug */,
				14A4CE961DCBB4DB00CD149B /* Release */,
			);
			defaultConfigurationIsVisible = 0;
		};
/* End XCConfigurationList section */
	};
	rootObject = 14A4CE851DCBB4DB00CD149B /* Project object */;
}
